
Microsoft Visual Studio Solution File, Format Version 12.00
# Visual Studio 15
VisualStudioVersion = 15.0.28010.2046
MinimumVisualStudioVersion = 10.0.40219.1
Project("{FAE04EC0-301F-11D3-BF4B-00C04F79EFBC}") = "PrintAnywhere", "PrintAnywhere\PrintAnywhere.csproj", "{7B95530F-DF22-48FD-8A67-41CF21860759}"
EndProject
Project("{FAE04EC0-301F-11D3-BF4B-00C04F79EFBC}") = "SampleUI", "SampleUI\SampleUI.csproj", "{AEE176DA-AD8C-4158-8A82-1ACECC464F56}"
EndProject
Project("{9A19103F-16F7-4668-BE54-9A1E7A4F7556}") = "PrintAnywhere Service", "PA Service\PrintAnywhere Service.csproj", "{CA197E9A-136D-4BAA-BB01-0ABD167723E9}"
EndProject
Project("{9A19103F-16F7-4668-BE54-9A1E7A4F7556}") = "PeterKottas.DotNetCore.WindowsService", "PeterKottas.DotNetCore.WindowsService\PeterKottas.DotNetCore.WindowsService.csproj", "{01EC53D7-179C-4228-8EF8-83DB0B546E31}"
EndProject
Global
	GlobalSection(SolutionConfigurationPlatforms) = preSolution
		Debug|Any CPU = Debug|Any CPU
		Debug|Mixed Platforms = Debug|Mixed Platforms
		Debug|x86 = Debug|x86
		Release|Any CPU = Release|Any CPU
		Release|Mixed Platforms = Release|Mixed Platforms
		Release|x86 = Release|x86
	EndGlobalSection
	GlobalSection(ProjectConfigurationPlatforms) = postSolution
		{7B95530F-DF22-48FD-8A67-41CF21860759}.Debug|Any CPU.ActiveCfg = Debug|Any CPU
		{7B95530F-DF22-48FD-8A67-41CF21860759}.Debug|Any CPU.Build.0 = Debug|Any CPU
		{7B95530F-DF22-48FD-8A67-41CF21860759}.Debug|Mixed Platforms.ActiveCfg = Debug|Any CPU
		{7B95530F-DF22-48FD-8A67-41CF21860759}.Debug|Mixed Platforms.Build.0 = Debug|Any CPU
		{7B95530F-DF22-48FD-8A67-41CF21860759}.Debug|x86.ActiveCfg = Debug|Any CPU
		{7B95530F-DF22-48FD-8A67-41CF21860759}.Debug|x86.Build.0 = Debug|Any CPU
		{7B95530F-DF22-48FD-8A67-41CF21860759}.Release|Any CPU.ActiveCfg = Release|Any CPU
		{7B95530F-DF22-48FD-8A67-41CF21860759}.Release|Any CPU.Build.0 = Release|Any CPU
		{7B95530F-DF22-48FD-8A67-41CF21860759}.Release|Mixed Platforms.ActiveCfg = Release|Any CPU
		{7B95530F-DF22-48FD-8A67-41CF21860759}.Release|Mixed Platforms.Build.0 = Release|Any CPU
		{7B95530F-DF22-48FD-8A67-41CF21860759}.Release|x86.ActiveCfg = Release|Any CPU
		{7B95530F-DF22-48FD-8A67-41CF21860759}.Release|x86.Build.0 = Release|Any CPU
		{AEE176DA-AD8C-4158-8A82-1ACECC464F56}.Debug|Any CPU.ActiveCfg = Debug|Any CPU
		{AEE176DA-AD8C-4158-8A82-1ACECC464F56}.Debug|Any CPU.Build.0 = Debug|Any CPU
		{AEE176DA-AD8C-4158-8A82-1ACECC464F56}.Debug|Mixed Platforms.ActiveCfg = Debug|Any CPU
		{AEE176DA-AD8C-4158-8A82-1ACECC464F56}.Debug|Mixed Platforms.Build.0 = Debug|Any CPU
		{AEE176DA-AD8C-4158-8A82-1ACECC464F56}.Debug|x86.ActiveCfg = Debug|Any CPU
		{AEE176DA-AD8C-4158-8A82-1ACECC464F56}.Debug|x86.Build.0 = Debug|Any CPU
		{AEE176DA-AD8C-4158-8A82-1ACECC464F56}.Release|Any CPU.ActiveCfg = Release|Any CPU
		{AEE176DA-AD8C-4158-8A82-1ACECC464F56}.Release|Any CPU.Build.0 = Release|Any CPU
		{AEE176DA-AD8C-4158-8A82-1ACECC464F56}.Release|Mixed Platforms.ActiveCfg = Release|Any CPU
		{AEE176DA-AD8C-4158-8A82-1ACECC464F56}.Release|Mixed Platforms.Build.0 = Release|Any CPU
		{AEE176DA-AD8C-4158-8A82-1ACECC464F56}.Release|x86.ActiveCfg = Release|Any CPU
		{AEE176DA-AD8C-4158-8A82-1ACECC464F56}.Release|x86.Build.0 = Release|Any CPU
		{CA197E9A-136D-4BAA-BB01-0ABD167723E9}.Debug|Any CPU.ActiveCfg = Debug|Any CPU
		{CA197E9A-136D-4BAA-BB01-0ABD167723E9}.Debug|Any CPU.Build.0 = Debug|Any CPU
		{CA197E9A-136D-4BAA-BB01-0ABD167723E9}.Debug|Mixed Platforms.ActiveCfg = Debug|Any CPU
		{CA197E9A-136D-4BAA-BB01-0ABD167723E9}.Debug|Mixed Platforms.Build.0 = Debug|Any CPU
		{CA197E9A-136D-4BAA-BB01-0ABD167723E9}.Debug|x86.ActiveCfg = Debug|Any CPU
		{CA197E9A-136D-4BAA-BB01-0ABD167723E9}.Debug|x86.Build.0 = Debug|Any CPU
		{CA197E9A-136D-4BAA-BB01-0ABD167723E9}.Release|Any CPU.ActiveCfg = Release|Any CPU
		{CA197E9A-136D-4BAA-BB01-0ABD167723E9}.Release|Any CPU.Build.0 = Release|Any CPU
		{CA197E9A-136D-4BAA-BB01-0ABD167723E9}.Release|Mixed Platforms.ActiveCfg = Release|Any CPU
		{CA197E9A-136D-4BAA-BB01-0ABD167723E9}.Release|Mixed Platforms.Build.0 = Release|Any CPU
		{CA197E9A-136D-4BAA-BB01-0ABD167723E9}.Release|x86.ActiveCfg = Release|Any CPU
		{CA197E9A-136D-4BAA-BB01-0ABD167723E9}.Release|x86.Build.0 = Release|Any CPU
		{01EC53D7-179C-4228-8EF8-83DB0B546E31}.Debug|Any CPU.ActiveCfg = Debug|Any CPU
		{01EC53D7-179C-4228-8EF8-83DB0B546E31}.Debug|Any CPU.Build.0 = Debug|Any CPU
		{01EC53D7-179C-4228-8EF8-83DB0B546E31}.Debug|Mixed Platforms.ActiveCfg = Debug|Any CPU
		{01EC53D7-179C-4228-8EF8-83DB0B546E31}.Debug|Mixed Platforms.Build.0 = Debug|Any CPU
		{01EC53D7-179C-4228-8EF8-83DB0B546E31}.Debug|x86.ActiveCfg = Debug|Any CPU
		{01EC53D7-179C-4228-8EF8-83DB0B546E31}.Debug|x86.Build.0 = Debug|Any CPU
		{01EC53D7-179C-4228-8EF8-83DB0B546E31}.Release|Any CPU.ActiveCfg = Release|Any CPU
		{01EC53D7-179C-4228-8EF8-83DB0B546E31}.Release|Any CPU.Build.0 = Release|Any CPU
		{01EC53D7-179C-4228-8EF8-83DB0B546E31}.Release|Mixed Platforms.ActiveCfg = Release|Any CPU
		{01EC53D7-179C-4228-8EF8-83DB0B546E31}.Release|Mixed Platforms.Build.0 = Release|Any CPU
		{01EC53D7-179C-4228-8EF8-83DB0B546E31}.Release|x86.ActiveCfg = Release|Any CPU
		{01EC53D7-179C-4228-8EF8-83DB0B546E31}.Release|x86.Build.0 = Release|Any CPU
	EndGlobalSection
	GlobalSection(SolutionProperties) = preSolution
		HideSolutionNode = FALSE
	EndGlobalSection
	GlobalSection(ExtensibilityGlobals) = postSolution
		SolutionGuid = {EF2DE163-FAAA-4A6B-AFBB-09FCEBDF7749}
	EndGlobalSection
EndGlobal
